<?xml version="1.0" encoding="utf-8"?>
<Project ToolsVersion="4.0" xmlns="http://schemas.microsoft.com/developer/msbuild/2003">
  <ItemGroup>
    <Filter Include="소스 파일">
      <UniqueIdentifier>{4FC737F1-C7A5-4376-A066-2A32D752A2FF}</UniqueIdentifier>
      <Extensions>cpp;c;cc;cxx;c++;cppm;ixx;def;odl;idl;hpj;bat;asm;asmx</Extensions>
    </Filter>
    <Filter Include="헤더 파일">
      <UniqueIdentifier>{93995380-89BD-4b04-88EB-625FBE52EBFB}</UniqueIdentifier>
      <Extensions>h;hh;hpp;hxx;h++;hm;inl;inc;ipp;xsd</Extensions>
    </Filter>
    <Filter Include="리소스 파일">
      <UniqueIdentifier>{67DA6AB6-F800-4c08-8B7A-83BB121AAD01}</UniqueIdentifier>
      <Extensions>rc;ico;cur;bmp;dlg;rc2;rct;bin;rgs;gif;jpg;jpeg;jpe;resx;tiff;tif;png;wav;mfcribbon-ms</Extensions>
    </Filter>
  </ItemGroup>
  <ItemGroup>
    <ClCompile Include="exam1.c">
      <Filter>소스 파일</Filter>
    </ClCompile>
    <ClCompile Include="exam2.c">
      <Filter>소스 파일</Filter>
    </ClCompile>
    <ClCompile Include="exam3.c">
      <Filter>소스 파일</Filter>
    </ClCompile>
    <ClCompile Include="test100.cpp">
      <Filter>소스 파일</Filter>
    </ClCompile>
    <ClCompile Include="exam4.c">
      <Filter>소스 파일</Filter>
    </ClCompile>
    <ClCompile Include="test101.cpp">
      <Filter>소스 파일</Filter>
    </ClCompile>
    <ClCompile Include="test5.c">
      <Filter>소스 파일</Filter>
    </ClCompile>
    <ClCompile Include="exam6.c">
      <Filter>소스 파일</Filter>
    </ClCompile>
    <ClCompile Include="test102.cpp">
      <Filter>소스 파일</Filter>
    </ClCompile>
    <ClCompile Include="exam7.c">
      <Filter>소스 파일</Filter>
    </ClCompile>
    <ClCompile Include="exam8.c">
      <Filter>소스 파일</Filter>
    </ClCompile>
    <ClCompile Include="exam9.c">
      <Filter>소스 파일</Filter>
    </ClCompile>
    <ClCompile Include="mytest1.c">
      <Filter>소스 파일</Filter>
    </ClCompile>
    <ClCompile Include="exam10.c">
      <Filter>소스 파일</Filter>
    </ClCompile>
    <ClCompile Include="exam11.c">
      <Filter>소스 파일</Filter>
    </ClCompile>
    <ClCompile Include="exam12.c">
      <Filter>소스 파일</Filter>
    </ClCompile>
    <ClCompile Include="exam13.c">
      <Filter>소스 파일</Filter>
    </ClCompile>
    <ClCompile Include="exam14.c">
      <Filter>소스 파일</Filter>
    </ClCompile>
    <ClCompile Include="exam15.c">
      <Filter>소스 파일</Filter>
    </ClCompile>
    <ClCompile Include="exam16.c">
      <Filter>소스 파일</Filter>
    </ClCompile>
    <ClCompile Include="exam17.c">
      <Filter>소스 파일</Filter>
    </ClCompile>
    <ClCompile Include="exam18.c">
      <Filter>소스 파일</Filter>
    </ClCompile>
    <ClCompile Include="mytest2.c">
      <Filter>소스 파일</Filter>
    </ClCompile>
    <ClCompile Include="exam19.c">
      <Filter>소스 파일</Filter>
    </ClCompile>
    <ClCompile Include="mytest3.c">
      <Filter>소스 파일</Filter>
    </ClCompile>
    <ClCompile Include="exam20.c">
      <Filter>소스 파일</Filter>
    </ClCompile>
    <ClCompile Include="exam22.c">
      <Filter>소스 파일</Filter>
    </ClCompile>
    <ClCompile Include="exam23.c">
      <Filter>소스 파일</Filter>
    </ClCompile>
    <ClCompile Include="exam24.c">
      <Filter>소스 파일</Filter>
    </ClCompile>
    <ClCompile Include="exam25.c">
      <Filter>소스 파일</Filter>
    </ClCompile>
    <ClCompile Include="exam26.c">
      <Filter>소스 파일</Filter>
    </ClCompile>
    <ClCompile Include="exam27.c">
      <Filter>소스 파일</Filter>
    </ClCompile>
    <ClCompile Include="mytest4.c">
      <Filter>소스 파일</Filter>
    </ClCompile>
    <ClCompile Include="exam28.c">
      <Filter>소스 파일</Filter>
    </ClCompile>
    <ClCompile Include="exam29.c">
      <Filter>소스 파일</Filter>
    </ClCompile>
    <ClCompile Include="exam30.c">
      <Filter>소스 파일</Filter>
    </ClCompile>
    <ClCompile Include="exam31.c">
      <Filter>소스 파일</Filter>
    </ClCompile>
    <ClCompile Include="mytest10.c">
      <Filter>소스 파일</Filter>
    </ClCompile>
    <ClCompile Include="mytest11.cpp">
      <Filter>소스 파일</Filter>
    </ClCompile>
    <ClCompile Include="mytest12.cpp">
      <Filter>소스 파일</Filter>
    </ClCompile>
    <ClCompile Include="mytest13.cpp">
      <Filter>소스 파일</Filter>
    </ClCompile>
    <ClCompile Include="mytest14.cpp">
      <Filter>소스 파일</Filter>
    </ClCompile>
    <ClCompile Include="Student.h">
      <Filter>소스 파일</Filter>
    </ClCompile>
    <ClCompile Include="Student.cpp">
      <Filter>소스 파일</Filter>
    </ClCompile>
    <ClCompile Include="mytest15.cpp">
      <Filter>소스 파일</Filter>
    </ClCompile>
    <ClCompile Include="mytest16.cpp">
      <Filter>소스 파일</Filter>
    </ClCompile>
    <ClCompile Include="mytest17.cpp">
      <Filter>소스 파일</Filter>
    </ClCompile>
    <ClCompile Include="mytest20.cpp">
      <Filter>소스 파일</Filter>
    </ClCompile>
    <ClCompile Include="Complex.cpp">
      <Filter>소스 파일</Filter>
    </ClCompile>
    <ClCompile Include="myTest21.cpp">
      <Filter>소스 파일</Filter>
    </ClCompile>
  </ItemGroup>
  <ItemGroup>
    <ClInclude Include="Complex.h">
      <Filter>소스 파일</Filter>
    </ClInclude>
  </ItemGroup>
</Project>